
Microsoft Visual Studio Solution File, Format Version 12.00
# Visual Studio Version 17
VisualStudioVersion = 17.3.32519.111
MinimumVisualStudioVersion = 10.0.40219.1
Project("{FAE04EC0-301F-11D3-BF4B-00C04F79EFBC}") = "ContactsDemo.App", "ContactsDemo.App\ContactsDemo.App.csproj", "{FB745B22-97B0-4E60-B48A-2D80CFD1AC28}"
EndProject
Global
	GlobalSection(SolutionConfigurationPlatforms) = preSolution
		Debug|ARM = Debug|ARM
		Debug|ARM64 = Debug|ARM64
		Debug|x64 = Debug|x64
		Debug|x86 = Debug|x86
		Release|ARM = Release|ARM
		Release|ARM64 = Release|ARM64
		Release|x64 = Release|x64
		Release|x86 = Release|x86
	EndGlobalSection
	GlobalSection(ProjectConfigurationPlatforms) = postSolution
		{FB745B22-97B0-4E60-B48A-2D80CFD1AC28}.Debug|ARM.ActiveCfg = Debug|ARM
		{FB745B22-97B0-4E60-B48A-2D80CFD1AC28}.Debug|ARM.Build.0 = Debug|ARM
		{FB745B22-97B0-4E60-B48A-2D80CFD1AC28}.Debug|ARM.Deploy.0 = Debug|ARM
		{FB745B22-97B0-4E60-B48A-2D80CFD1AC28}.Debug|ARM64.ActiveCfg = Debug|ARM64
		{FB745B22-97B0-4E60-B48A-2D80CFD1AC28}.Debug|ARM64.Build.0 = Debug|ARM64
		{FB745B22-97B0-4E60-B48A-2D80CFD1AC28}.Debug|ARM64.Deploy.0 = Debug|ARM64
		{FB745B22-97B0-4E60-B48A-2D80CFD1AC28}.Debug|x64.ActiveCfg = Debug|x64
		{FB745B22-97B0-4E60-B48A-2D80CFD1AC28}.Debug|x64.Build.0 = Debug|x64
		{FB745B22-97B0-4E60-B48A-2D80CFD1AC28}.Debug|x64.Deploy.0 = Debug|x64
		{FB745B22-97B0-4E60-B48A-2D80CFD1AC28}.Debug|x86.ActiveCfg = Debug|x86
		{FB745B22-97B0-4E60-B48A-2D80CFD1AC28}.Debug|x86.Build.0 = Debug|x86
		{FB745B22-97B0-4E60-B48A-2D80CFD1AC28}.Debug|x86.Deploy.0 = Debug|x86
		{FB745B22-97B0-4E60-B48A-2D80CFD1AC28}.Release|ARM.ActiveCfg = Release|ARM
		{FB745B22-97B0-4E60-B48A-2D80CFD1AC28}.Release|ARM.Build.0 = Release|ARM
		{FB745B22-97B0-4E60-B48A-2D80CFD1AC28}.Release|ARM.Deploy.0 = Release|ARM
		{FB745B22-97B0-4E60-B48A-2D80CFD1AC28}.Release|ARM64.ActiveCfg = Release|ARM64
		{FB745B22-97B0-4E60-B48A-2D80CFD1AC28}.Release|ARM64.Build.0 = Release|ARM64
		{FB745B22-97B0-4E60-B48A-2D80CFD1AC28}.Release|ARM64.Deploy.0 = Release|ARM64
		{FB745B22-97B0-4E60-B48A-2D80CFD1AC28}.Release|x64.ActiveCfg = Release|x64
		{FB745B22-97B0-4E60-B48A-2D80CFD1AC28}.Release|x64.Build.0 = Release|x64
		{FB745B22-97B0-4E60-B48A-2D80CFD1AC28}.Release|x64.Deploy.0 = Release|x64
		{FB745B22-97B0-4E60-B48A-2D80CFD1AC28}.Release|x86.ActiveCfg = Release|x86
		{FB745B22-97B0-4E60-B48A-2D80CFD1AC28}.Release|x86.Build.0 = Release|x86
		{FB745B22-97B0-4E60-B48A-2D80CFD1AC28}.Release|x86.Deploy.0 = Release|x86
	EndGlobalSection
	GlobalSection(SolutionProperties) = preSolution
		HideSolutionNode = FALSE
	EndGlobalSection
	GlobalSection(ExtensibilityGlobals) = postSolution
		SolutionGuid = {86189040-8F37-40FC-BE4D-42615F28F760}
	EndGlobalSection
EndGlobal
